// !$*UTF8*$!
{
	archiveVersion = 1;
	classes = {
	};
	objectVersion = 46;
	objects = {

/* Begin PBXBuildFile section */
		EAEFE9841C83D84A004DD9CB /* ReactNativeTencentXG.m in Sources */ = {isa = PBXBuildFile; fileRef = EAEFE9821C83D84A004DD9CB /* ReactNativeTencentXG.m */; };
		EAEFE9AC1C83E3C3004DD9CB /* libXG-SDK.a in Frameworks */ = {isa = PBXBuildFile; fileRef = EAEFE9AB1C83E3C3004DD9CB /* libXG-SDK.a */; };
/* End PBXBuildFile section */

/* Begin PBXCopyFilesBuildPhase section */
		EAB2B2071C7FE3FD00D6D4F3 /* CopyFiles */ = {
			isa = PBXCopyFilesBuildPhase;
			buildActionMask = 2147483647;
			dstPath = "include/$(PRODUCT_NAME)";
			dstSubfolderSpec = 16;
			files = (
			);
			runOnlyForDeploymentPostprocessing = 0;
		};
/* End PBXCopyFilesBuildPhase section */

/* Begin PBXFileReference section */
		EAB2B2091C7FE3FD00D6D4F3 /* libReactNativeTencentXG.a */ = {isa = PBXFileReference; explicitFileType = archive.ar; includeInIndex = 0; path = libReactNativeTencentXG.a; sourceTree = BUILT_PRODUCTS_DIR; };
		EAEFE9821C83D84A004DD9CB /* ReactNativeTencentXG.m */ = {isa = PBXFileReference; fileEncoding = 4; lastKnownFileType = sourcecode.c.objc; path = ReactNativeTencentXG.m; sourceTree = SOURCE_ROOT; };
		EAEFE9831C83D84A004DD9CB /* ReactNativeTencentXG.h */ = {isa = PBXFileReference; fileEncoding = 4; lastKnownFileType = sourcecode.c.h; path = ReactNativeTencentXG.h; sourceTree = SOURCE_ROOT; };
		EAEFE9AB1C83E3C3004DD9CB /* libXG-SDK.a */ = {isa = PBXFileReference; lastKnownFileType = archive.ar; name = "libXG-SDK.a"; path = "sdk/libXG-SDK.a"; sourceTree = "<group>"; };
/* End PBXFileReference section */

/* Begin PBXFrameworksBuildPhase section */
		EAB2B2061C7FE3FD00D6D4F3 /* Frameworks */ = {
			isa = PBXFrameworksBuildPhase;
			buildActionMask = 2147483647;
			files = (
				EAEFE9AC1C83E3C3004DD9CB /* libXG-SDK.a in Frameworks */,
			);
			runOnlyForDeploymentPostprocessing = 0;
		};
/* End PBXFrameworksBuildPhase section */

/* Begin PBXGroup section */
		EAB2B2001C7FE3FD00D6D4F3 = {
			isa = PBXGroup;
			children = (
				EAEFE9AB1C83E3C3004DD9CB /* libXG-SDK.a */,
				EAB2B20B1C7FE3FD00D6D4F3 /* ReactNativeTencentXG */,
				EAB2B20A1C7FE3FD00D6D4F3 /* Products */,
			);
			sourceTree = "<group>";
		};
		EAB2B20A1C7FE3FD00D6D4F3 /* Products */ = {
			isa = PBXGroup;
			children = (
				EAB2B2091C7FE3FD00D6D4F3 /* libReactNativeTencentXG.a */,
			);
			name = Products;
			sourceTree = "<group>";
		};
		EAB2B20B1C7FE3FD00D6D4F3 /* ReactNativeTencentXG */ = {
			isa = PBXGroup;
			children = (
				EAEFE9821C83D84A004DD9CB /* ReactNativeTencentXG.m */,
				EAEFE9831C83D84A004DD9CB /* ReactNativeTencentXG.h */,
			);
			path = ReactNativeTencentXG;
			sourceTree = "<group>";
		};
/* End PBXGroup section */

/* Begin PBXNativeTarget section */
		EAB2B2081C7FE3FD00D6D4F3 /* ReactNativeTencentXG */ = {
			isa = PBXNativeTarget;
			buildConfigurationList = EAB2B2121C7FE3FD00D6D4F3 /* Build configuration list for PBXNativeTarget "ReactNativeTencentXG" */;
			buildPhases = (
				EAB2B2051C7FE3FD00D6D4F3 /* Sources */,
				EAB2B2061C7FE3FD00D6D4F3 /* Frameworks */,
				EAB2B2071C7FE3FD00D6D4F3 /* CopyFiles */,
			);
			buildRules = (
			);
			dependencies = (
			);
			name = ReactNativeTencentXG;
			productName = ReactNativeTencentXG;
			productReference = EAB2B2091C7FE3FD00D6D4F3 /* libReactNativeTencentXG.a */;
			productType = "com.apple.product-type.library.static";
		};
/* End PBXNativeTarget section */

/* Begin PBXProject section */
		EAB2B2011C7FE3FD00D6D4F3 /* Project object */ = {
			isa = PBXProject;
			attributes = {
				LastUpgradeCheck = 0720;
				ORGANIZATIONNAME = "Kitt Hsu";
				TargetAttributes = {
					EAB2B2081C7FE3FD00D6D4F3 = {
						CreatedOnToolsVersion = 7.2.1;
					};
				};
			};
			buildConfigurationList = EAB2B2041C7FE3FD00D6D4F3 /* Build configuration list for PBXProject "ReactNativeTencentXG" */;
			compatibilityVersion = "Xcode 3.2";
			developmentRegion = English;
			hasScannedForEncodings = 0;
			knownRegions = (
				en,
			);
			mainGroup = EAB2B2001C7FE3FD00D6D4F3;
			productRefGroup = EAB2B20A1C7FE3FD00D6D4F3 /* Products */;
			projectDirPath = "";
			projectRoot = "";
			targets = (
				EAB2B2081C7FE3FD00D6D4F3 /* ReactNativeTencentXG */,
			);
		};
/* End PBXProject section */

/* Begin PBXSourcesBuildPhase section */
		EAB2B2051C7FE3FD00D6D4F3 /* Sources */ = {
			isa = PBXSourcesBuildPhase;
			buildActionMask = 2147483647;
			files = (
				EAEFE9841C83D84A004DD9CB /* ReactNativeTencentXG.m in Sources */,
			);
			runOnlyForDeploymentPostprocessing = 0;
		};
/* End PBXSourcesBuildPhase section */

/* Begin XCBuildConfiguration section */
		EAB2B2101C7FE3FD00D6D4F3 /* Debug */ = {
			isa = XCBuildConfiguration;
			buildSettings = {
				ALWAYS_SEARCH_USER_PATHS = NO;
				CLANG_CXX_LANGUAGE_STANDARD = "gnu++0x";
				CLANG_CXX_LIBRARY = "libc++";
				CLANG_ENABLE_MODULES = YES;
				CLANG_ENABLE_OBJC_ARC = YES;
				CLANG_WARN_BOOL_CONVERSION = YES;
				CLANG_WARN_CONSTANT_CONVERSION = YES;
				CLANG_WARN_DIRECT_OBJC_ISA_USAGE = YES_ERROR;
				CLANG_WARN_EMPTY_BODY = YES;
				CLANG_WARN_ENUM_CONVERSION = YES;
				CLANG_WARN_INT_CONVERSION = YES;
				CLANG_WARN_OBJC_ROOT_CLASS = YES_ERROR;
				CLANG_WARN_UNREACHABLE_CODE = YES;
				CLANG_WARN__DUPLICATE_METHOD_MATCH = YES;
				"CODE_SIGN_IDENTITY[sdk=iphoneos*]" = "iPhone Developer";
				COPY_PHASE_STRIP = NO;
				DEBUG_INFORMATION_FORMAT = dwarf;
				ENABLE_STRICT_OBJC_MSGSEND = YES;
				ENABLE_TESTABILITY = YES;
				GCC_C_LANGUAGE_STANDARD = gnu99;
				GCC_DYNAMIC_NO_PIC = NO;
				GCC_NO_COMMON_BLOCKS = YES;
				GCC_OPTIMIZATION_LEVEL = 0;
				GCC_PREPROCESSOR_DEFINITIONS = (
					"DEBUG=1",
					"$(inherited)",
				);
				GCC_WARN_64_TO_32_BIT_CONVERSION = YES;
				GCC_WARN_ABOUT_RETURN_TYPE = YES_ERROR;
				GCC_WARN_UNDECLARED_SELECTOR = YES;
				GCC_WARN_UNINITIALIZED_AUTOS = YES_AGGRESSIVE;
				GCC_WARN_UNUSED_FUNCTION = YES;
				GCC_WARN_UNUSED_VARIABLE = YES;
				IPHONEOS_DEPLOYMENT_TARGET = 9.2;
				MTL_ENABLE_DEBUG_INFO = YES;
				ONLY_ACTIVE_ARCH = YES;
				SDKROOT = iphoneos;
			};
			name = Debug;
		};
		EAB2B2111C7FE3FD00D6D4F3 /* Release */ = {
			isa = XCBuildConfiguration;
			buildSettings = {
				ALWAYS_SEARCH_USER_PATHS = NO;
				CLANG_CXX_LANGUAGE_STANDARD = "gnu++0x";
				CLANG_CXX_LIBRARY = "libc++";
				CLANG_ENABLE_MODULES = YES;
				CLANG_ENABLE_OBJC_ARC = YES;
				CLANG_WARN_BOOL_CONVERSION = YES;
				CLANG_WARN_CONSTANT_CONVERSION = YES;
				CLANG_WARN_DIRECT_OBJC_ISA_USAGE = YES_ERROR;
				CLANG_WARN_EMPTY_BODY = YES;
				CLANG_WARN_ENUM_CONVERSION = YES;
				CLANG_WARN_INT_CONVERSION = YES;
				CLANG_WARN_OBJC_ROOT_CLASS = YES_ERROR;
				CLANG_WARN_UNREACHABLE_CODE = YES;
				CLANG_WARN__DUPLICATE_METHOD_MATCH = YES;
				"CODE_SIGN_IDENTITY[sdk=iphoneos*]" = "iPhone Developer";
				COPY_PHASE_STRIP = NO;
				DEBUG_INFORMATION_FORMAT = "dwarf-with-dsym";
				ENABLE_NS_ASSERTIONS = NO;
				ENABLE_STRICT_OBJC_MSGSEND = YES;
				GCC_C_LANGUAGE_STANDARD = gnu99;
				GCC_NO_COMMON_BLOCKS = YES;
				GCC_WARN_64_TO_32_BIT_CONVERSION = YES;
				GCC_WARN_ABOUT_RETURN_TYPE = YES_ERROR;
				GCC_WARN_UNDECLARED_SELECTOR = YES;
				GCC_WARN_UNINITIALIZED_AUTOS = YES_AGGRESSIVE;
				GCC_WARN_UNUSED_FUNCTION = YES;
				GCC_WARN_UNUSED_VARIABLE = YES;
				IPHONEOS_DEPLOYMENT_TARGET = 9.2;
				MTL_ENABLE_DEBUG_INFO = NO;
				SDKROOT = iphoneos;
				VALIDATE_PRODUCT = YES;
			};
			name = Release;
		};
		EAB2B2131C7FE3FD00D6D4F3 /* Debug */ = {
			isa = XCBuildConfiguration;
			buildSettings = {
				HEADER_SEARCH_PATHS = (
					"$(inherited)",
					"$(SRCROOT)/../../react-native/React/**",
					"$(PROJECT_DIR)/sdk",
					"$(SRCROOT)/../../react-native/Libraries/PushNotificationIOS/**",
				);
				LIBRARY_SEARCH_PATHS = (
					"$(inherited)",
					"$(PROJECT_DIR)/sdk",
				);
				OTHER_LDFLAGS = "-ObjC";
				PRODUCT_NAME = "$(TARGET_NAME)";
				SKIP_INSTALL = YES;
			};
			name = Debug;
		};
		EAB2B2141C7FE3FD00D6D4F3 /* Release */ = {
			isa = XCBuildConfiguration;
			buildSettings = {
				HEADER_SEARCH_PATHS = (
					"$(inherited)",
					"$(SRCROOT)/../../react-native/React/**",
					"$(PROJECT_DIR)/sdk",
					"$(SRCROOT)/../../react-native/Libraries/PushNotificationIOS/**",
				);
				LIBRARY_SEARCH_PATHS = (
					"$(inherited)",
					"$(PROJECT_DIR)/sdk",
				);
				OTHER_LDFLAGS = "-ObjC";
				PRODUCT_NAME = "$(TARGET_NAME)";
				SKIP_INSTALL = YES;
			};
			name = Release;
		};
/* End XCBuildConfiguration section */

/* Begin XCConfigurationList section */
		EAB2B2041C7FE3FD00D6D4F3 /* Build configuration list for PBXProject "ReactNativeTencentXG" */ = {
			isa = XCConfigurationList;
			buildConfigurations = (
				EAB2B2101C7FE3FD00D6D4F3 /* Debug */,
				EAB2B2111C7FE3FD00D6D4F3 /* Release */,
			);
			defaultConfigurationIsVisible = 0;
			defaultConfigurationName = Release;
		};
		EAB2B2121C7FE3FD00D6D4F3 /* Build configuration list for PBXNativeTarget "ReactNativeTencentXG" */ = {
			isa = XCConfigurationList;
			buildConfigurations = (
				EAB2B2131C7FE3FD00D6D4F3 /* Debug */,
				EAB2B2141C7FE3FD00D6D4F3 /* Release */,
			);
			defaultConfigurationIsVisible = 0;
			defaultConfigurationName = Release;
		};
/* End XCConfigurationList section */
	};
	rootObject = EAB2B2011C7FE3FD00D6D4F3 /* Project object */;
}
